
Microsoft Visual Studio Solution File, Format Version 12.00
# Visual Studio Version 17
Project("{FAE04EC0-301F-11D3-BF4B-00C04F79EFBC}") = "SolidEdge.Part.SweptProtrusion", "SolidEdge.Part.SweptProtrusion\SolidEdge.Part.SweptProtrusion.csproj", "{F99D87A5-EE16-4CEF-AA0E-7B42BF125FEB}"
EndProject
Global
	GlobalSection(SolutionConfigurationPlatforms) = preSolution
		Debug|Any CPU = Debug|Any CPU
		Release|Any CPU = Release|Any CPU
	EndGlobalSection
	GlobalSection(ProjectConfigurationPlatforms) = postSolution
		{F99D87A5-EE16-4CEF-AA0E-7B42BF125FEB}.Debug|Any CPU.ActiveCfg = Debug|Any CPU
		{F99D87A5-EE16-4CEF-AA0E-7B42BF125FEB}.Debug|Any CPU.Build.0 = Debug|Any CPU
		{F99D87A5-EE16-4CEF-AA0E-7B42BF125FEB}.Release|Any CPU.ActiveCfg = Release|Any CPU
		{F99D87A5-EE16-4CEF-AA0E-7B42BF125FEB}.Release|Any CPU.Build.0 = Release|Any CPU
	EndGlobalSection
	GlobalSection(SolutionProperties) = preSolution
		HideSolutionNode = FALSE
	EndGlobalSection
EndGlobal
